
Microsoft Visual Studio Solution File, Format Version 12.00
# Visual Studio Version 17
VisualStudioVersion = 17.6.33815.320
MinimumVisualStudioVersion = 10.0.40219.1
Project("{FAE04EC0-301F-11D3-BF4B-00C04F79EFBC}") = "WeatherForecastBot", "WeatherForecastBot\WeatherForecastBot.csproj", "{B986A94F-1541-4302-93D5-ED6341A028EC}"
EndProject
Global
	GlobalSection(SolutionConfigurationPlatforms) = preSolution
		Debug|Any CPU = Debug|Any CPU
		Release|Any CPU = Release|Any CPU
	EndGlobalSection
	GlobalSection(ProjectConfigurationPlatforms) = postSolution
		{B986A94F-1541-4302-93D5-ED6341A028EC}.Debug|Any CPU.ActiveCfg = Debug|Any CPU
		{B986A94F-1541-4302-93D5-ED6341A028EC}.Debug|Any CPU.Build.0 = Debug|Any CPU
		{B986A94F-1541-4302-93D5-ED6341A028EC}.Release|Any CPU.ActiveCfg = Release|Any CPU
		{B986A94F-1541-4302-93D5-ED6341A028EC}.Release|Any CPU.Build.0 = Release|Any CPU
	EndGlobalSection
	GlobalSection(SolutionProperties) = preSolution
		HideSolutionNode = FALSE
	EndGlobalSection
	GlobalSection(ExtensibilityGlobals) = postSolution
		SolutionGuid = {3A631A8A-40FD-4DFF-9205-098945AE4DE0}
	EndGlobalSection
EndGlobal
